
Microsoft Visual Studio Solution File, Format Version 12.00
# Visual Studio 14
VisualStudioVersion = 14.0.25420.1
MinimumVisualStudioVersion = 10.0.40219.1
Project("{FAE04EC0-301F-11D3-BF4B-00C04F79EFBC}") = "Teht01", "Teht01\Teht01.csproj", "{57ECC192-9E35-4573-BC24-05B1B5D82F51}"
EndProject
Project("{FAE04EC0-301F-11D3-BF4B-00C04F79EFBC}") = "Teht01b", "Teht01b\Teht01b.csproj", "{23193ABB-A87F-4223-A45C-DED1863ECDA1}"
EndProject
Project("{FAE04EC0-301F-11D3-BF4B-00C04F79EFBC}") = "Teht02", "Teht02\Teht02.csproj", "{89FCF6FA-9B42-4206-A33A-6C53D8E1957E}"
EndProject
Project("{FAE04EC0-301F-11D3-BF4B-00C04F79EFBC}") = "Teht03", "Teht3\Teht03.csproj", "{CD8C7A2B-AE5E-4EBF-B226-F64FC7511568}"
EndProject
Project("{FAE04EC0-301F-11D3-BF4B-00C04F79EFBC}") = "Teht04", "Teht04\Teht04.csproj", "{096433F8-4FDE-4676-8D7C-1CF0DBFC9B9A}"
EndProject
Project("{FAE04EC0-301F-11D3-BF4B-00C04F79EFBC}") = "Teht05", "Teht05\Teht05.csproj", "{BF4E9D63-D9A6-4321-A76F-CE55E57FB885}"
EndProject
Project("{FAE04EC0-301F-11D3-BF4B-00C04F79EFBC}") = "Teht06", "Teht06\Teht06.csproj", "{9EC97AE7-40D6-4DFA-9C90-04823EE47984}"
EndProject
Project("{FAE04EC0-301F-11D3-BF4B-00C04F79EFBC}") = "teht07", "teht07\teht07.csproj", "{E0CC7651-C02E-4BCD-B32E-095CBF5BC01F}"
EndProject
Project("{FAE04EC0-301F-11D3-BF4B-00C04F79EFBC}") = "teht08", "teht08\teht08.csproj", "{42C74B72-4A22-448E-8E08-31B3117D9F5B}"
EndProject
Project("{FAE04EC0-301F-11D3-BF4B-00C04F79EFBC}") = "Teht09", "Teht09\Teht09.csproj", "{FA546826-414D-46D7-8E3E-EB7B9128C192}"
EndProject
Project("{FAE04EC0-301F-11D3-BF4B-00C04F79EFBC}") = "Teht10", "Teht10\Teht10.csproj", "{37CD25BD-FC26-4357-A07C-8412E381FE74}"
EndProject
Project("{FAE04EC0-301F-11D3-BF4B-00C04F79EFBC}") = "Teht11", "Teht11\Teht11.csproj", "{D07206DC-068B-4E8F-A8A7-6A67A3A718E5}"
EndProject
Project("{FAE04EC0-301F-11D3-BF4B-00C04F79EFBC}") = "Teht12", "Teht12\Teht12.csproj", "{7C448AAF-6170-42A9-8516-F4AC2EE546E8}"
EndProject
Project("{FAE04EC0-301F-11D3-BF4B-00C04F79EFBC}") = "Teht13", "Teht13\Teht13.csproj", "{85E514CF-DADC-4F43-BBCD-4168841026DF}"
EndProject
Project("{FAE04EC0-301F-11D3-BF4B-00C04F79EFBC}") = "Teht14", "Teht14\Teht14.csproj", "{C4874F8F-FDF4-4A51-B9FE-0FE1497DF3C0}"
EndProject
Global
	GlobalSection(SolutionConfigurationPlatforms) = preSolution
		Debug|Any CPU = Debug|Any CPU
		Release|Any CPU = Release|Any CPU
	EndGlobalSection
	GlobalSection(ProjectConfigurationPlatforms) = postSolution
		{57ECC192-9E35-4573-BC24-05B1B5D82F51}.Debug|Any CPU.ActiveCfg = Debug|Any CPU
		{57ECC192-9E35-4573-BC24-05B1B5D82F51}.Debug|Any CPU.Build.0 = Debug|Any CPU
		{57ECC192-9E35-4573-BC24-05B1B5D82F51}.Release|Any CPU.ActiveCfg = Release|Any CPU
		{57ECC192-9E35-4573-BC24-05B1B5D82F51}.Release|Any CPU.Build.0 = Release|Any CPU
		{23193ABB-A87F-4223-A45C-DED1863ECDA1}.Debug|Any CPU.ActiveCfg = Debug|Any CPU
		{23193ABB-A87F-4223-A45C-DED1863ECDA1}.Debug|Any CPU.Build.0 = Debug|Any CPU
		{23193ABB-A87F-4223-A45C-DED1863ECDA1}.Release|Any CPU.ActiveCfg = Release|Any CPU
		{23193ABB-A87F-4223-A45C-DED1863ECDA1}.Release|Any CPU.Build.0 = Release|Any CPU
		{89FCF6FA-9B42-4206-A33A-6C53D8E1957E}.Debug|Any CPU.ActiveCfg = Debug|Any CPU
		{89FCF6FA-9B42-4206-A33A-6C53D8E1957E}.Debug|Any CPU.Build.0 = Debug|Any CPU
		{89FCF6FA-9B42-4206-A33A-6C53D8E1957E}.Release|Any CPU.ActiveCfg = Release|Any CPU
		{89FCF6FA-9B42-4206-A33A-6C53D8E1957E}.Release|Any CPU.Build.0 = Release|Any CPU
		{CD8C7A2B-AE5E-4EBF-B226-F64FC7511568}.Debug|Any CPU.ActiveCfg = Debug|Any CPU
		{CD8C7A2B-AE5E-4EBF-B226-F64FC7511568}.Debug|Any CPU.Build.0 = Debug|Any CPU
		{CD8C7A2B-AE5E-4EBF-B226-F64FC7511568}.Release|Any CPU.ActiveCfg = Release|Any CPU
		{CD8C7A2B-AE5E-4EBF-B226-F64FC7511568}.Release|Any CPU.Build.0 = Release|Any CPU
		{096433F8-4FDE-4676-8D7C-1CF0DBFC9B9A}.Debug|Any CPU.ActiveCfg = Debug|Any CPU
		{096433F8-4FDE-4676-8D7C-1CF0DBFC9B9A}.Debug|Any CPU.Build.0 = Debug|Any CPU
		{096433F8-4FDE-4676-8D7C-1CF0DBFC9B9A}.Release|Any CPU.ActiveCfg = Release|Any CPU
		{096433F8-4FDE-4676-8D7C-1CF0DBFC9B9A}.Release|Any CPU.Build.0 = Release|Any CPU
		{BF4E9D63-D9A6-4321-A76F-CE55E57FB885}.Debug|Any CPU.ActiveCfg = Debug|Any CPU
		{BF4E9D63-D9A6-4321-A76F-CE55E57FB885}.Debug|Any CPU.Build.0 = Debug|Any CPU
		{BF4E9D63-D9A6-4321-A76F-CE55E57FB885}.Release|Any CPU.ActiveCfg = Release|Any CPU
		{BF4E9D63-D9A6-4321-A76F-CE55E57FB885}.Release|Any CPU.Build.0 = Release|Any CPU
		{9EC97AE7-40D6-4DFA-9C90-04823EE47984}.Debug|Any CPU.ActiveCfg = Debug|Any CPU
		{9EC97AE7-40D6-4DFA-9C90-04823EE47984}.Debug|Any CPU.Build.0 = Debug|Any CPU
		{9EC97AE7-40D6-4DFA-9C90-04823EE47984}.Release|Any CPU.ActiveCfg = Release|Any CPU
		{9EC97AE7-40D6-4DFA-9C90-04823EE47984}.Release|Any CPU.Build.0 = Release|Any CPU
		{E0CC7651-C02E-4BCD-B32E-095CBF5BC01F}.Debug|Any CPU.ActiveCfg = Debug|Any CPU
		{E0CC7651-C02E-4BCD-B32E-095CBF5BC01F}.Debug|Any CPU.Build.0 = Debug|Any CPU
		{E0CC7651-C02E-4BCD-B32E-095CBF5BC01F}.Release|Any CPU.ActiveCfg = Release|Any CPU
		{E0CC7651-C02E-4BCD-B32E-095CBF5BC01F}.Release|Any CPU.Build.0 = Release|Any CPU
		{42C74B72-4A22-448E-8E08-31B3117D9F5B}.Debug|Any CPU.ActiveCfg = Debug|Any CPU
		{42C74B72-4A22-448E-8E08-31B3117D9F5B}.Debug|Any CPU.Build.0 = Debug|Any CPU
		{42C74B72-4A22-448E-8E08-31B3117D9F5B}.Release|Any CPU.ActiveCfg = Release|Any CPU
		{42C74B72-4A22-448E-8E08-31B3117D9F5B}.Release|Any CPU.Build.0 = Release|Any CPU
		{FA546826-414D-46D7-8E3E-EB7B9128C192}.Debug|Any CPU.ActiveCfg = Debug|Any CPU
		{FA546826-414D-46D7-8E3E-EB7B9128C192}.Debug|Any CPU.Build.0 = Debug|Any CPU
		{FA546826-414D-46D7-8E3E-EB7B9128C192}.Release|Any CPU.ActiveCfg = Release|Any CPU
		{FA546826-414D-46D7-8E3E-EB7B9128C192}.Release|Any CPU.Build.0 = Release|Any CPU
		{37CD25BD-FC26-4357-A07C-8412E381FE74}.Debug|Any CPU.ActiveCfg = Debug|Any CPU
		{37CD25BD-FC26-4357-A07C-8412E381FE74}.Debug|Any CPU.Build.0 = Debug|Any CPU
		{37CD25BD-FC26-4357-A07C-8412E381FE74}.Release|Any CPU.ActiveCfg = Release|Any CPU
		{37CD25BD-FC26-4357-A07C-8412E381FE74}.Release|Any CPU.Build.0 = Release|Any CPU
		{D07206DC-068B-4E8F-A8A7-6A67A3A718E5}.Debug|Any CPU.ActiveCfg = Debug|Any CPU
		{D07206DC-068B-4E8F-A8A7-6A67A3A718E5}.Debug|Any CPU.Build.0 = Debug|Any CPU
		{D07206DC-068B-4E8F-A8A7-6A67A3A718E5}.Release|Any CPU.ActiveCfg = Release|Any CPU
		{D07206DC-068B-4E8F-A8A7-6A67A3A718E5}.Release|Any CPU.Build.0 = Release|Any CPU
		{7C448AAF-6170-42A9-8516-F4AC2EE546E8}.Debug|Any CPU.ActiveCfg = Debug|Any CPU
		{7C448AAF-6170-42A9-8516-F4AC2EE546E8}.Debug|Any CPU.Build.0 = Debug|Any CPU
		{7C448AAF-6170-42A9-8516-F4AC2EE546E8}.Release|Any CPU.ActiveCfg = Release|Any CPU
		{7C448AAF-6170-42A9-8516-F4AC2EE546E8}.Release|Any CPU.Build.0 = Release|Any CPU
		{85E514CF-DADC-4F43-BBCD-4168841026DF}.Debug|Any CPU.ActiveCfg = Debug|Any CPU
		{85E514CF-DADC-4F43-BBCD-4168841026DF}.Debug|Any CPU.Build.0 = Debug|Any CPU
		{85E514CF-DADC-4F43-BBCD-4168841026DF}.Release|Any CPU.ActiveCfg = Release|Any CPU
		{85E514CF-DADC-4F43-BBCD-4168841026DF}.Release|Any CPU.Build.0 = Release|Any CPU
		{C4874F8F-FDF4-4A51-B9FE-0FE1497DF3C0}.Debug|Any CPU.ActiveCfg = Debug|Any CPU
		{C4874F8F-FDF4-4A51-B9FE-0FE1497DF3C0}.Debug|Any CPU.Build.0 = Debug|Any CPU
		{C4874F8F-FDF4-4A51-B9FE-0FE1497DF3C0}.Release|Any CPU.ActiveCfg = Release|Any CPU
		{C4874F8F-FDF4-4A51-B9FE-0FE1497DF3C0}.Release|Any CPU.Build.0 = Release|Any CPU
	EndGlobalSection
	GlobalSection(SolutionProperties) = preSolution
		HideSolutionNode = FALSE
	EndGlobalSection
EndGlobal
